
Microsoft Visual Studio Solution File, Format Version 12.00
# Visual Studio Version 17
VisualStudioVersion = 17.14.36202.13
MinimumVisualStudioVersion = 10.0.40219.1
Project("{FAE04EC0-301F-11D3-BF4B-00C04F79EFBC}") = "Avalonia3D", "Avalonia3D.csproj", "{B825279A-FCF1-42ED-9CBC-73B4B8F8C13C}"
EndProject
Global
	GlobalSection(SolutionConfigurationPlatforms) = preSolution
		Debug|Any CPU = Debug|Any CPU
		Release|Any CPU = Release|Any CPU
	EndGlobalSection
	GlobalSection(ProjectConfigurationPlatforms) = postSolution
		{B825279A-FCF1-42ED-9CBC-73B4B8F8C13C}.Debug|Any CPU.ActiveCfg = Debug|Any CPU
		{B825279A-FCF1-42ED-9CBC-73B4B8F8C13C}.Debug|Any CPU.Build.0 = Debug|Any CPU
		{B825279A-FCF1-42ED-9CBC-73B4B8F8C13C}.Release|Any CPU.ActiveCfg = Release|Any CPU
		{B825279A-FCF1-42ED-9CBC-73B4B8F8C13C}.Release|Any CPU.Build.0 = Release|Any CPU
	EndGlobalSection
	GlobalSection(SolutionProperties) = preSolution
		HideSolutionNode = FALSE
	EndGlobalSection
	GlobalSection(ExtensibilityGlobals) = postSolution
		SolutionGuid = {B47EFEE8-0897-4F0F-B0CA-BC61F3CE3670}
	EndGlobalSection
EndGlobal
